
Microsoft Visual Studio Solution File, Format Version 12.00
# Visual Studio Version 16
VisualStudioVersion = 16.0.31515.178
MinimumVisualStudioVersion = 10.0.40219.1
Project("{8BC9CEB8-8B4A-11D0-8D11-00A0C91BC942}") = "ZAP408_NúmeroImpar", "ZAP408_NúmeroImpar.vcxproj", "{1872688C-AF59-4E87-AC41-880073E366ED}"
EndProject
Global
	GlobalSection(SolutionConfigurationPlatforms) = preSolution
		Debug|x64 = Debug|x64
		Debug|x86 = Debug|x86
		Release|x64 = Release|x64
		Release|x86 = Release|x86
	EndGlobalSection
	GlobalSection(ProjectConfigurationPlatforms) = postSolution
		{1872688C-AF59-4E87-AC41-880073E366ED}.Debug|x64.ActiveCfg = Debug|x64
		{1872688C-AF59-4E87-AC41-880073E366ED}.Debug|x64.Build.0 = Debug|x64
		{1872688C-AF59-4E87-AC41-880073E366ED}.Debug|x86.ActiveCfg = Debug|Win32
		{1872688C-AF59-4E87-AC41-880073E366ED}.Debug|x86.Build.0 = Debug|Win32
		{1872688C-AF59-4E87-AC41-880073E366ED}.Release|x64.ActiveCfg = Release|x64
		{1872688C-AF59-4E87-AC41-880073E366ED}.Release|x64.Build.0 = Release|x64
		{1872688C-AF59-4E87-AC41-880073E366ED}.Release|x86.ActiveCfg = Release|Win32
		{1872688C-AF59-4E87-AC41-880073E366ED}.Release|x86.Build.0 = Release|Win32
	EndGlobalSection
	GlobalSection(SolutionProperties) = preSolution
		HideSolutionNode = FALSE
	EndGlobalSection
	GlobalSection(ExtensibilityGlobals) = postSolution
		SolutionGuid = {0C4749A2-0B49-40EA-9E5F-A0B09C40F4D1}
	EndGlobalSection
EndGlobal
