<?xml version="1.0" encoding="utf-8"?>
<Project ToolsVersion="4.0" xmlns="http://schemas.microsoft.com/developer/msbuild/2003">
  <ItemGroup>
    <Filter Include="Archivos de origen">
      <UniqueIdentifier>{4FC737F1-C7A5-4376-A066-2A32D752A2FF}</UniqueIdentifier>
      <Extensions>cpp;c;cc;cxx;c++;cppm;ixx;def;odl;idl;hpj;bat;asm;asmx</Extensions>
    </Filter>
    <Filter Include="Archivos de encabezado">
      <UniqueIdentifier>{93995380-89BD-4b04-88EB-625FBE52EBFB}</UniqueIdentifier>
      <Extensions>h;hh;hpp;hxx;h++;hm;inl;inc;ipp;xsd</Extensions>
    </Filter>
    <Filter Include="Archivos de recursos">
      <UniqueIdentifier>{67DA6AB6-F800-4c08-8B7A-83BB121AAD01}</UniqueIdentifier>
      <Extensions>rc;ico;cur;bmp;dlg;rc2;rct;bin;rgs;gif;jpg;jpeg;jpe;resx;tiff;tif;png;wav;mfcribbon-ms</Extensions>
    </Filter>
    <Filter Include="Archivos de origen\Sorting Algorithms">
      <UniqueIdentifier>{3d023768-4eef-4b85-8abf-9e26a3bbdd74}</UniqueIdentifier>
    </Filter>
    <Filter Include="Archivos de encabezado\Sorting Algorithms">
      <UniqueIdentifier>{1178ab3d-1779-4daf-99b0-c68b43d59581}</UniqueIdentifier>
    </Filter>
  </ItemGroup>
  <ItemGroup>
    <ClCompile Include="Main.cpp">
      <Filter>Archivos de origen</Filter>
    </ClCompile>
    <ClCompile Include="Menu.cpp">
      <Filter>Archivos de origen</Filter>
    </ClCompile>
    <ClCompile Include="BinarySearch.cpp">
      <Filter>Archivos de origen</Filter>
    </ClCompile>
    <ClCompile Include="BubbleSort.cpp">
      <Filter>Archivos de origen\Sorting Algorithms</Filter>
    </ClCompile>
    <ClCompile Include="HeapSort.cpp">
      <Filter>Archivos de origen\Sorting Algorithms</Filter>
    </ClCompile>
    <ClCompile Include="MergeSort.cpp">
      <Filter>Archivos de origen\Sorting Algorithms</Filter>
    </ClCompile>
    <ClCompile Include="QuickSort.cpp">
      <Filter>Archivos de origen\Sorting Algorithms</Filter>
    </ClCompile>
    <ClCompile Include="InsertionSort.cpp">
      <Filter>Archivos de origen\Sorting Algorithms</Filter>
    </ClCompile>
    <ClCompile Include="Swap.cpp">
      <Filter>Archivos de origen</Filter>
    </ClCompile>
  </ItemGroup>
  <ItemGroup>
    <ClInclude Include="Menu.h">
      <Filter>Archivos de encabezado</Filter>
    </ClInclude>
    <ClInclude Include="BinarySearch.h">
      <Filter>Archivos de encabezado</Filter>
    </ClInclude>
    <ClInclude Include="BubbleSort.h">
      <Filter>Archivos de encabezado\Sorting Algorithms</Filter>
    </ClInclude>
    <ClInclude Include="HeapSort.h">
      <Filter>Archivos de encabezado\Sorting Algorithms</Filter>
    </ClInclude>
    <ClInclude Include="InsertionSort.h">
      <Filter>Archivos de encabezado\Sorting Algorithms</Filter>
    </ClInclude>
    <ClInclude Include="QuickSort.h">
      <Filter>Archivos de encabezado\Sorting Algorithms</Filter>
    </ClInclude>
    <ClInclude Include="MergeSort.h">
      <Filter>Archivos de encabezado\Sorting Algorithms</Filter>
    </ClInclude>
    <ClInclude Include="Header.h">
      <Filter>Archivos de encabezado</Filter>
    </ClInclude>
    <ClInclude Include="Definitions.h">
      <Filter>Archivos de encabezado</Filter>
    </ClInclude>
    <ClInclude Include="Swap.h">
      <Filter>Archivos de encabezado</Filter>
    </ClInclude>
  </ItemGroup>
</Project>